
Microsoft Visual Studio Solution File, Format Version 12.00
# Visual Studio Version 16
VisualStudioVersion = 16.0.31229.75
MinimumVisualStudioVersion = 10.0.40219.1
Project("{FAE04EC0-301F-11D3-BF4B-00C04F79EFBC}") = "NoteToSelf", "NoteToSelf\NoteToSelf.csproj", "{39A6CC09-6669-42DD-81AF-01176064BD9E}"
EndProject
Project("{FAE04EC0-301F-11D3-BF4B-00C04F79EFBC}") = "NoteToSelf.Database", "NoteToSelf.Database\NoteToSelf.Database.csproj", "{BE774099-1998-4132-BE3D-CCF9C2C3AD56}"
EndProject
Project("{FAE04EC0-301F-11D3-BF4B-00C04F79EFBC}") = "NoteToSelf.MongoDatabase", "NoteToSelf.MongoDatabase\NoteToSelf.MongoDatabase.csproj", "{93714915-8D8A-40A7-85E0-C06FA8013548}"
EndProject
Project("{FAE04EC0-301F-11D3-BF4B-00C04F79EFBC}") = "NoteToSelf.Porter", "NoteToSelf.Porter\NoteToSelf.Porter.csproj", "{022CB557-A7C5-4692-B83F-874549FD06DA}"
EndProject
Global
	GlobalSection(SolutionConfigurationPlatforms) = preSolution
		Debug|Any CPU = Debug|Any CPU
		Release|Any CPU = Release|Any CPU
	EndGlobalSection
	GlobalSection(ProjectConfigurationPlatforms) = postSolution
		{39A6CC09-6669-42DD-81AF-01176064BD9E}.Debug|Any CPU.ActiveCfg = Debug|Any CPU
		{39A6CC09-6669-42DD-81AF-01176064BD9E}.Debug|Any CPU.Build.0 = Debug|Any CPU
		{39A6CC09-6669-42DD-81AF-01176064BD9E}.Release|Any CPU.ActiveCfg = Release|Any CPU
		{39A6CC09-6669-42DD-81AF-01176064BD9E}.Release|Any CPU.Build.0 = Release|Any CPU
		{BE774099-1998-4132-BE3D-CCF9C2C3AD56}.Debug|Any CPU.ActiveCfg = Debug|Any CPU
		{BE774099-1998-4132-BE3D-CCF9C2C3AD56}.Debug|Any CPU.Build.0 = Debug|Any CPU
		{BE774099-1998-4132-BE3D-CCF9C2C3AD56}.Release|Any CPU.ActiveCfg = Release|Any CPU
		{BE774099-1998-4132-BE3D-CCF9C2C3AD56}.Release|Any CPU.Build.0 = Release|Any CPU
		{93714915-8D8A-40A7-85E0-C06FA8013548}.Debug|Any CPU.ActiveCfg = Debug|Any CPU
		{93714915-8D8A-40A7-85E0-C06FA8013548}.Debug|Any CPU.Build.0 = Debug|Any CPU
		{93714915-8D8A-40A7-85E0-C06FA8013548}.Release|Any CPU.ActiveCfg = Release|Any CPU
		{93714915-8D8A-40A7-85E0-C06FA8013548}.Release|Any CPU.Build.0 = Release|Any CPU
		{022CB557-A7C5-4692-B83F-874549FD06DA}.Debug|Any CPU.ActiveCfg = Debug|Any CPU
		{022CB557-A7C5-4692-B83F-874549FD06DA}.Debug|Any CPU.Build.0 = Debug|Any CPU
		{022CB557-A7C5-4692-B83F-874549FD06DA}.Release|Any CPU.ActiveCfg = Release|Any CPU
		{022CB557-A7C5-4692-B83F-874549FD06DA}.Release|Any CPU.Build.0 = Release|Any CPU
	EndGlobalSection
	GlobalSection(SolutionProperties) = preSolution
		HideSolutionNode = FALSE
	EndGlobalSection
	GlobalSection(ExtensibilityGlobals) = postSolution
		SolutionGuid = {04DCC3D8-C75A-49C8-840E-76D37E9D9A08}
	EndGlobalSection
EndGlobal
